
Microsoft Visual Studio Solution File, Format Version 12.00
# Visual Studio Version 16
VisualStudioVersion = 16.0.31025.194
MinimumVisualStudioVersion = 10.0.40219.1
Project("{FAE04EC0-301F-11D3-BF4B-00C04F79EFBC}") = "TravelTripProject", "TravelTripProject\TravelTripProject.csproj", "{520CA75A-28C7-4238-AA29-D745FA1B7A3E}"
EndProject
Global
	GlobalSection(SolutionConfigurationPlatforms) = preSolution
		Debug|Any CPU = Debug|Any CPU
		Release|Any CPU = Release|Any CPU
	EndGlobalSection
	GlobalSection(ProjectConfigurationPlatforms) = postSolution
		{520CA75A-28C7-4238-AA29-D745FA1B7A3E}.Debug|Any CPU.ActiveCfg = Debug|Any CPU
		{520CA75A-28C7-4238-AA29-D745FA1B7A3E}.Debug|Any CPU.Build.0 = Debug|Any CPU
		{520CA75A-28C7-4238-AA29-D745FA1B7A3E}.Release|Any CPU.ActiveCfg = Release|Any CPU
		{520CA75A-28C7-4238-AA29-D745FA1B7A3E}.Release|Any CPU.Build.0 = Release|Any CPU
	EndGlobalSection
	GlobalSection(SolutionProperties) = preSolution
		HideSolutionNode = FALSE
	EndGlobalSection
	GlobalSection(ExtensibilityGlobals) = postSolution
		SolutionGuid = {1A3F19D1-364B-4468-87D0-89BAA42CAACC}
	EndGlobalSection
EndGlobal
